
Microsoft Visual Studio Solution File, Format Version 12.00
# Visual Studio Version 17
VisualStudioVersion = 17.8.34309.116
MinimumVisualStudioVersion = 10.0.40219.1
Project("{FAE04EC0-301F-11D3-BF4B-00C04F79EFBC}") = "4lab", "4lab.csproj", "{B881DBF5-27C9-497D-ADAE-2FA1FA620911}"
EndProject
Project("{FAE04EC0-301F-11D3-BF4B-00C04F79EFBC}") = "4LabTest", "..\4LabTest\4LabTest.csproj", "{CA60E02D-0EDF-463F-AE6F-2DC74365793B}"
EndProject
Global
	GlobalSection(SolutionConfigurationPlatforms) = preSolution
		Debug|Any CPU = Debug|Any CPU
		Release|Any CPU = Release|Any CPU
	EndGlobalSection
	GlobalSection(ProjectConfigurationPlatforms) = postSolution
		{B881DBF5-27C9-497D-ADAE-2FA1FA620911}.Debug|Any CPU.ActiveCfg = Debug|Any CPU
		{B881DBF5-27C9-497D-ADAE-2FA1FA620911}.Debug|Any CPU.Build.0 = Debug|Any CPU
		{B881DBF5-27C9-497D-ADAE-2FA1FA620911}.Release|Any CPU.ActiveCfg = Release|Any CPU
		{B881DBF5-27C9-497D-ADAE-2FA1FA620911}.Release|Any CPU.Build.0 = Release|Any CPU
		{CA60E02D-0EDF-463F-AE6F-2DC74365793B}.Debug|Any CPU.ActiveCfg = Debug|Any CPU
		{CA60E02D-0EDF-463F-AE6F-2DC74365793B}.Debug|Any CPU.Build.0 = Debug|Any CPU
		{CA60E02D-0EDF-463F-AE6F-2DC74365793B}.Release|Any CPU.ActiveCfg = Release|Any CPU
		{CA60E02D-0EDF-463F-AE6F-2DC74365793B}.Release|Any CPU.Build.0 = Release|Any CPU
	EndGlobalSection
	GlobalSection(SolutionProperties) = preSolution
		HideSolutionNode = FALSE
	EndGlobalSection
	GlobalSection(ExtensibilityGlobals) = postSolution
		SolutionGuid = {CCCF83D1-C779-4B41-9FF1-59A177204410}
	EndGlobalSection
EndGlobal
